
Microsoft Visual Studio Solution File, Format Version 12.00
# Visual Studio Version 16
VisualStudioVersion = 16.0.29324.140
MinimumVisualStudioVersion = 10.0.40219.1
Project("{9A19103F-16F7-4668-BE54-9A1E7A4F7556}") = "365Home", "365Home\365Home.csproj", "{B6EAB5F4-F2AF-413A-B1DB-7E625A68D47C}"
EndProject
Project("{9A19103F-16F7-4668-BE54-9A1E7A4F7556}") = "365Home.DataAccess", "365Home.DataAccess\365Home.DataAccess.csproj", "{A42859D8-CA3E-46F3-BBBB-D8AC585F97E8}"
EndProject
Project("{9A19103F-16F7-4668-BE54-9A1E7A4F7556}") = "365Home.Models", "365Home.Models\365Home.Models.csproj", "{8FA71AE0-686B-4814-B9B8-9BEC633791D5}"
EndProject
Project("{9A19103F-16F7-4668-BE54-9A1E7A4F7556}") = "365Home.Ultility", "365Home.Ultility\365Home.Ultility.csproj", "{F7FA3487-A3EE-4C57-8612-509D5C9221B1}"
EndProject
Global
	GlobalSection(SolutionConfigurationPlatforms) = preSolution
		Debug|Any CPU = Debug|Any CPU
		Release|Any CPU = Release|Any CPU
	EndGlobalSection
	GlobalSection(ProjectConfigurationPlatforms) = postSolution
		{B6EAB5F4-F2AF-413A-B1DB-7E625A68D47C}.Debug|Any CPU.ActiveCfg = Debug|Any CPU
		{B6EAB5F4-F2AF-413A-B1DB-7E625A68D47C}.Debug|Any CPU.Build.0 = Debug|Any CPU
		{B6EAB5F4-F2AF-413A-B1DB-7E625A68D47C}.Release|Any CPU.ActiveCfg = Release|Any CPU
		{B6EAB5F4-F2AF-413A-B1DB-7E625A68D47C}.Release|Any CPU.Build.0 = Release|Any CPU
		{A42859D8-CA3E-46F3-BBBB-D8AC585F97E8}.Debug|Any CPU.ActiveCfg = Debug|Any CPU
		{A42859D8-CA3E-46F3-BBBB-D8AC585F97E8}.Debug|Any CPU.Build.0 = Debug|Any CPU
		{A42859D8-CA3E-46F3-BBBB-D8AC585F97E8}.Release|Any CPU.ActiveCfg = Release|Any CPU
		{A42859D8-CA3E-46F3-BBBB-D8AC585F97E8}.Release|Any CPU.Build.0 = Release|Any CPU
		{8FA71AE0-686B-4814-B9B8-9BEC633791D5}.Debug|Any CPU.ActiveCfg = Debug|Any CPU
		{8FA71AE0-686B-4814-B9B8-9BEC633791D5}.Debug|Any CPU.Build.0 = Debug|Any CPU
		{8FA71AE0-686B-4814-B9B8-9BEC633791D5}.Release|Any CPU.ActiveCfg = Release|Any CPU
		{8FA71AE0-686B-4814-B9B8-9BEC633791D5}.Release|Any CPU.Build.0 = Release|Any CPU
		{F7FA3487-A3EE-4C57-8612-509D5C9221B1}.Debug|Any CPU.ActiveCfg = Debug|Any CPU
		{F7FA3487-A3EE-4C57-8612-509D5C9221B1}.Debug|Any CPU.Build.0 = Debug|Any CPU
		{F7FA3487-A3EE-4C57-8612-509D5C9221B1}.Release|Any CPU.ActiveCfg = Release|Any CPU
		{F7FA3487-A3EE-4C57-8612-509D5C9221B1}.Release|Any CPU.Build.0 = Release|Any CPU
	EndGlobalSection
	GlobalSection(SolutionProperties) = preSolution
		HideSolutionNode = FALSE
	EndGlobalSection
	GlobalSection(ExtensibilityGlobals) = postSolution
		SolutionGuid = {65359B51-2285-4D12-AF60-0F1F055B41D2}
	EndGlobalSection
EndGlobal
